
Microsoft Visual Studio Solution File, Format Version 12.00
# Visual Studio Version 17
VisualStudioVersion = 17.3.32519.111
MinimumVisualStudioVersion = 10.0.40219.1
Project("{FAE04EC0-301F-11D3-BF4B-00C04F79EFBC}") = "ResearchLab", "ResearchLab.csproj", "{D125DAF3-6B56-4BCC-B33C-C626F9ABDF6D}"
EndProject
Global
	GlobalSection(SolutionConfigurationPlatforms) = preSolution
		Debug|Any CPU = Debug|Any CPU
		Release|Any CPU = Release|Any CPU
	EndGlobalSection
	GlobalSection(ProjectConfigurationPlatforms) = postSolution
		{D125DAF3-6B56-4BCC-B33C-C626F9ABDF6D}.Debug|Any CPU.ActiveCfg = Debug|Any CPU
		{D125DAF3-6B56-4BCC-B33C-C626F9ABDF6D}.Debug|Any CPU.Build.0 = Debug|Any CPU
		{D125DAF3-6B56-4BCC-B33C-C626F9ABDF6D}.Release|Any CPU.ActiveCfg = Release|Any CPU
		{D125DAF3-6B56-4BCC-B33C-C626F9ABDF6D}.Release|Any CPU.Build.0 = Release|Any CPU
	EndGlobalSection
	GlobalSection(SolutionProperties) = preSolution
		HideSolutionNode = FALSE
	EndGlobalSection
	GlobalSection(ExtensibilityGlobals) = postSolution
		SolutionGuid = {33D0F23D-1BD0-4CA0-A364-BA3C5EE5A380}
	EndGlobalSection
EndGlobal
